
Microsoft Visual Studio Solution File, Format Version 12.00
# Visual Studio Version 17
VisualStudioVersion = 17.5.33502.453
MinimumVisualStudioVersion = 10.0.40219.1
Project("{8BC9CEB8-8B4A-11D0-8D11-00A0C91BC942}") = "ActicityStructure_3NIM112", "ActicityStructure_3NIM112\ActicityStructure_3NIM112.vcxproj", "{E45DBF11-5C8D-4D6B-A9CB-9057F9818201}"
EndProject
Project("{8BC9CEB8-8B4A-11D0-8D11-00A0C91BC942}") = "ActiviytyStructure 2 _ NIM 112", "ActiviytyStructure 2 _ NIM 112\ActiviytyStructure 2 _ NIM 112.vcxproj", "{62B6A3C7-EF9B-441D-A533-21850D8F5BBD}"
EndProject
Project("{8BC9CEB8-8B4A-11D0-8D11-00A0C91BC942}") = "ActivityStructure 3 _112", "ActivityStructure 3 _112\ActivityStructure 3 _112.vcxproj", "{377425D7-9B4B-4176-907E-DFC86D712207}"
EndProject
Global
	GlobalSection(SolutionConfigurationPlatforms) = preSolution
		Debug|x64 = Debug|x64
		Debug|x86 = Debug|x86
		Release|x64 = Release|x64
		Release|x86 = Release|x86
	EndGlobalSection
	GlobalSection(ProjectConfigurationPlatforms) = postSolution
		{E45DBF11-5C8D-4D6B-A9CB-9057F9818201}.Debug|x64.ActiveCfg = Debug|x64
		{E45DBF11-5C8D-4D6B-A9CB-9057F9818201}.Debug|x64.Build.0 = Debug|x64
		{E45DBF11-5C8D-4D6B-A9CB-9057F9818201}.Debug|x86.ActiveCfg = Debug|Win32
		{E45DBF11-5C8D-4D6B-A9CB-9057F9818201}.Debug|x86.Build.0 = Debug|Win32
		{E45DBF11-5C8D-4D6B-A9CB-9057F9818201}.Release|x64.ActiveCfg = Release|x64
		{E45DBF11-5C8D-4D6B-A9CB-9057F9818201}.Release|x64.Build.0 = Release|x64
		{E45DBF11-5C8D-4D6B-A9CB-9057F9818201}.Release|x86.ActiveCfg = Release|Win32
		{E45DBF11-5C8D-4D6B-A9CB-9057F9818201}.Release|x86.Build.0 = Release|Win32
		{62B6A3C7-EF9B-441D-A533-21850D8F5BBD}.Debug|x64.ActiveCfg = Debug|x64
		{62B6A3C7-EF9B-441D-A533-21850D8F5BBD}.Debug|x64.Build.0 = Debug|x64
		{62B6A3C7-EF9B-441D-A533-21850D8F5BBD}.Debug|x86.ActiveCfg = Debug|Win32
		{62B6A3C7-EF9B-441D-A533-21850D8F5BBD}.Debug|x86.Build.0 = Debug|Win32
		{62B6A3C7-EF9B-441D-A533-21850D8F5BBD}.Release|x64.ActiveCfg = Release|x64
		{62B6A3C7-EF9B-441D-A533-21850D8F5BBD}.Release|x64.Build.0 = Release|x64
		{62B6A3C7-EF9B-441D-A533-21850D8F5BBD}.Release|x86.ActiveCfg = Release|Win32
		{62B6A3C7-EF9B-441D-A533-21850D8F5BBD}.Release|x86.Build.0 = Release|Win32
		{377425D7-9B4B-4176-907E-DFC86D712207}.Debug|x64.ActiveCfg = Debug|x64
		{377425D7-9B4B-4176-907E-DFC86D712207}.Debug|x64.Build.0 = Debug|x64
		{377425D7-9B4B-4176-907E-DFC86D712207}.Debug|x86.ActiveCfg = Debug|Win32
		{377425D7-9B4B-4176-907E-DFC86D712207}.Debug|x86.Build.0 = Debug|Win32
		{377425D7-9B4B-4176-907E-DFC86D712207}.Release|x64.ActiveCfg = Release|x64
		{377425D7-9B4B-4176-907E-DFC86D712207}.Release|x64.Build.0 = Release|x64
		{377425D7-9B4B-4176-907E-DFC86D712207}.Release|x86.ActiveCfg = Release|Win32
		{377425D7-9B4B-4176-907E-DFC86D712207}.Release|x86.Build.0 = Release|Win32
	EndGlobalSection
	GlobalSection(SolutionProperties) = preSolution
		HideSolutionNode = FALSE
	EndGlobalSection
	GlobalSection(ExtensibilityGlobals) = postSolution
		SolutionGuid = {2E0A19B3-3890-475B-93EA-FF4C27ED9B0E}
	EndGlobalSection
EndGlobal
